
Microsoft Visual Studio Solution File, Format Version 12.00
# Visual Studio Version 16
VisualStudioVersion = 16.0.31911.196
MinimumVisualStudioVersion = 10.0.40219.1
Project("{FAE04EC0-301F-11D3-BF4B-00C04F79EFBC}") = "Lab7.2", "Lab7.2\Lab7.2.csproj", "{968FF658-A2A3-4B29-8652-158075873178}"
EndProject
Global
	GlobalSection(SolutionConfigurationPlatforms) = preSolution
		Debug|Any CPU = Debug|Any CPU
		Release|Any CPU = Release|Any CPU
	EndGlobalSection
	GlobalSection(ProjectConfigurationPlatforms) = postSolution
		{968FF658-A2A3-4B29-8652-158075873178}.Debug|Any CPU.ActiveCfg = Debug|Any CPU
		{968FF658-A2A3-4B29-8652-158075873178}.Debug|Any CPU.Build.0 = Debug|Any CPU
		{968FF658-A2A3-4B29-8652-158075873178}.Release|Any CPU.ActiveCfg = Release|Any CPU
		{968FF658-A2A3-4B29-8652-158075873178}.Release|Any CPU.Build.0 = Release|Any CPU
	EndGlobalSection
	GlobalSection(SolutionProperties) = preSolution
		HideSolutionNode = FALSE
	EndGlobalSection
	GlobalSection(ExtensibilityGlobals) = postSolution
		SolutionGuid = {EB350289-7D01-4079-8544-878DB9A6D54F}
	EndGlobalSection
EndGlobal
